{
    "version": 3,
    "terraform_version": "0.8.2",
    "serial": 12,
    "lineage": "a2b35804-d885-4c18-acf2-01811861d17a",
    "modules": [
        {
            "path": [
                "root"
            ],
            "outputs": {},
            "resources": {},
            "depends_on": []
        },
        {
            "path": [
                "root",
                "my_asg"
            ],
            "outputs": {},
            "resources": {
                "aws_autoscaling_group.my_asg": {
                    "type": "aws_autoscaling_group",
                    "depends_on": [],
                    "primary": {
                        "id": "my_asg_terraform-003587d1db40eea436e2f646e6",
                        "attributes": {
                            "availability_zones.#": "0",
                            "force_delete": "false",
                            "health_check_grace_period": "300",
                            "id": "my_asg_terraform-003587d1db40eea436e2f646e6",
                            "launch_configuration": "terraform-003587d1db40eea436e2f646e6",
                            "load_balancers.#": "1",
                            "load_balancers.2279236974": "my-elb",
                            "max_size": "1",
                            "metrics_granularity": "1Minute",
                            "min_elb_capacity": "1",
                            "min_size": "1",
                            "name": "my_asg_terraform-003587d1db40eea436e2f646e6",
                            "protect_from_scale_in": "false",
                            "tag.#": "1",
                            "tag.3158339579.key": "Role",
                            "tag.3158339579.propagate_at_launch": "true",
                            "tag.3158339579.value": "API",
                            "vpc_zone_identifier.#": "2",
                            "vpc_zone_identifier.1200838204": "subnet-303cd454",
                            "vpc_zone_identifier.521902742": "subnet-481d083f",
                            "wait_for_capacity_timeout": "6m",
                            "wait_for_elb_capacity": "1"
                        },
                        "meta": {},
                        "tainted": false
                    },
                    "deposed": [],
                    "provider": ""
                }
            },
            "depends_on": []
        },
        {
            "path": [
                "root",
                "my_elb"
            ],
            "outputs": {
                "my_elb_name": {
                    "sensitive": false,
                    "type": "string",
                    "value": "my-elb"
                }
            },
            "resources": {
                "aws_elb.my_elb": {
                    "type": "aws_elb",
                    "depends_on": [],
                    "primary": {
                        "id": "my-elb",
                        "attributes": {
                            "access_logs.#": "0",
                            "availability_zones.#": "2",
                            "availability_zones.3148583350": "ap-southeast-2a",
                            "availability_zones.581091340": "ap-southeast-2b",
                            "connection_draining": "false",
                            "connection_draining_timeout": "300",
                            "cross_zone_load_balancing": "true",
                            "dns_name": "internal-my-elb-1948498331.ap-southeast-2.elb.amazonaws.com",
                            "health_check.#": "1",
                            "health_check.0.healthy_threshold": "2",
                            "health_check.0.interval": "10",
                            "health_check.0.target": "http:8000/",
                            "health_check.0.timeout": "5",
                            "health_check.0.unhealthy_threshold": "2",
                            "id": "my-elb",
                            "idle_timeout": "60",
                            "instances.#": "0",
                            "internal": "true",
                            "listener.#": "1",
                            "listener.206423021.instance_port": "8000",
                            "listener.206423021.instance_protocol": "http",
                            "listener.206423021.lb_port": "80",
                            "listener.206423021.lb_protocol": "http",
                            "listener.206423021.ssl_certificate_id": "",
                            "name": "my-elb",
                            "security_groups.#": "1",
                            "security_groups.1471042989": "sg-e8ac308c",
                            "source_security_group": "927113573955/default",
                            "source_security_group_id": "sg-e8ac308c",
                            "subnets.#": "2",
                            "subnets.1200838204": "subnet-303cd454",
                            "subnets.521902742": "subnet-481d083f",
                            "tags.%": "1",
                            "tags.MyTag": "TEST",
                            "zone_id": "Z1GM3OXH4ZPM65"
                        },
                        "meta": {},
                        "tainted": false
                    },
                    "deposed": [],
                    "provider": ""
                }
            },
            "depends_on": []
        },
        {
            "path": [
                "root",
                "my_lc"
            ],
            "outputs": {
                "my_lc_id": {
                    "sensitive": false,
                    "type": "string",
                    "value": "terraform-003587d1db40eea436e2f646e6"
                },
                "my_lc_name": {
                    "sensitive": false,
                    "type": "string",
                    "value": "terraform-003587d1db40eea436e2f646e6"
                }
            },
            "resources": {
                "aws_launch_configuration.my_lc": {
                    "type": "aws_launch_configuration",
                    "depends_on": [
                        "data.template_file.userdata"
                    ],
                    "primary": {
                        "id": "terraform-003587d1db40eea436e2f646e6",
                        "attributes": {
                            "associate_public_ip_address": "false",
                            "ebs_block_device.#": "1",
                            "ebs_block_device.1963019893.delete_on_termination": "true",
                            "ebs_block_device.1963019893.device_name": "/dev/sdi",
                            "ebs_block_device.1963019893.encrypted": "false",
                            "ebs_block_device.1963019893.iops": "0",
                            "ebs_block_device.1963019893.snapshot_id": "snap-00d5e8ef70d1b3e24",
                            "ebs_block_device.1963019893.volume_size": "10",
                            "ebs_block_device.1963019893.volume_type": "",
                            "ebs_optimized": "false",
                            "enable_monitoring": "true",
                            "ephemeral_block_device.#": "0",
                            "iam_instance_profile": "",
                            "id": "terraform-003587d1db40eea436e2f646e6",
                            "image_id": "ami-28cff44b",
                            "instance_type": "t2.micro",
                            "key_name": "sydney",
                            "name": "terraform-003587d1db40eea436e2f646e6",
                            "root_block_device.#": "1",
                            "root_block_device.0.delete_on_termination": "true",
                            "root_block_device.0.iops": "0",
                            "root_block_device.0.volume_size": "20",
                            "root_block_device.0.volume_type": "",
                            "security_groups.#": "1",
                            "security_groups.1471042989": "sg-e8ac308c",
                            "spot_price": "",
                            "user_data": "30d61f298775647733a55eb5abd7bebc687b69a1",
                            "vpc_classic_link_id": "",
                            "vpc_classic_link_security_groups.#": "0"
                        },
                        "meta": {},
                        "tainted": false
                    },
                    "deposed": [],
                    "provider": ""
                },
                "data.template_file.userdata": {
                    "type": "template_file",
                    "depends_on": [],
                    "primary": {
                        "id": "141e6e08320b6e18289407094fe9729027f76738580413a453b68131469d54a5",
                        "attributes": {
                            "id": "141e6e08320b6e18289407094fe9729027f76738580413a453b68131469d54a5",
                            "rendered": "mkdir ~/server/ \u0026\u0026 cd ~/server/\ntouch index.html\necho ok \u003e\u003e index.html\npython -m SimpleHTTPServer\n",
                            "template": "mkdir ~/server/ \u0026\u0026 cd ~/server/\ntouch index.html\necho ok \u003e\u003e index.html\npython -m SimpleHTTPServer\n",
                            "vars.%": "1",
                            "vars.notify_email": "my@email.co"
                        },
                        "meta": {},
                        "tainted": false
                    },
                    "deposed": [],
                    "provider": ""
                }
            },
            "depends_on": []
        }
    ]
}
